
Microsoft Visual Studio Solution File, Format Version 12.00
# Visual Studio Version 17
VisualStudioVersion = 17.9.34616.47
MinimumVisualStudioVersion = 10.0.40219.1
Project("{FAE04EC0-301F-11D3-BF4B-00C04F79EFBC}") = "BootstrapFun", "BootstrapFun\BootstrapFun.csproj", "{C18EFD3C-453D-49E5-98BA-7D8EE6A88178}"
EndProject
Global
	GlobalSection(SolutionConfigurationPlatforms) = preSolution
		Debug|Any CPU = Debug|Any CPU
		Release|Any CPU = Release|Any CPU
	EndGlobalSection
	GlobalSection(ProjectConfigurationPlatforms) = postSolution
		{C18EFD3C-453D-49E5-98BA-7D8EE6A88178}.Debug|Any CPU.ActiveCfg = Debug|Any CPU
		{C18EFD3C-453D-49E5-98BA-7D8EE6A88178}.Debug|Any CPU.Build.0 = Debug|Any CPU
		{C18EFD3C-453D-49E5-98BA-7D8EE6A88178}.Release|Any CPU.ActiveCfg = Release|Any CPU
		{C18EFD3C-453D-49E5-98BA-7D8EE6A88178}.Release|Any CPU.Build.0 = Release|Any CPU
	EndGlobalSection
	GlobalSection(SolutionProperties) = preSolution
		HideSolutionNode = FALSE
	EndGlobalSection
	GlobalSection(ExtensibilityGlobals) = postSolution
		SolutionGuid = {4C91305B-09D8-4936-A8FA-5538089F3922}
	EndGlobalSection
EndGlobal
